
Microsoft Visual Studio Solution File, Format Version 12.00
# Visual Studio Version 17
VisualStudioVersion = 17.11.35327.3
MinimumVisualStudioVersion = 10.0.40219.1
Project("{9A19103F-16F7-4668-BE54-9A1E7A4F7556}") = "AbstractFactoryPattern", "AbstractFactoryPattern\AbstractFactoryPattern.csproj", "{15FEA2C3-4747-4755-A9F9-AAB71DF36B00}"
EndProject
Project("{FAE04EC0-301F-11D3-BF4B-00C04F79EFBC}") = "Builder", "Builder\Builder.csproj", "{EDF9F9C4-31F9-4EDD-9731-8D90C54EC6EC}"
EndProject
Global
	GlobalSection(SolutionConfigurationPlatforms) = preSolution
		Debug|Any CPU = Debug|Any CPU
		Release|Any CPU = Release|Any CPU
	EndGlobalSection
	GlobalSection(ProjectConfigurationPlatforms) = postSolution
		{15FEA2C3-4747-4755-A9F9-AAB71DF36B00}.Debug|Any CPU.ActiveCfg = Debug|Any CPU
		{15FEA2C3-4747-4755-A9F9-AAB71DF36B00}.Debug|Any CPU.Build.0 = Debug|Any CPU
		{15FEA2C3-4747-4755-A9F9-AAB71DF36B00}.Release|Any CPU.ActiveCfg = Release|Any CPU
		{15FEA2C3-4747-4755-A9F9-AAB71DF36B00}.Release|Any CPU.Build.0 = Release|Any CPU
		{EDF9F9C4-31F9-4EDD-9731-8D90C54EC6EC}.Debug|Any CPU.ActiveCfg = Debug|Any CPU
		{EDF9F9C4-31F9-4EDD-9731-8D90C54EC6EC}.Debug|Any CPU.Build.0 = Debug|Any CPU
		{EDF9F9C4-31F9-4EDD-9731-8D90C54EC6EC}.Release|Any CPU.ActiveCfg = Release|Any CPU
		{EDF9F9C4-31F9-4EDD-9731-8D90C54EC6EC}.Release|Any CPU.Build.0 = Release|Any CPU
	EndGlobalSection
	GlobalSection(SolutionProperties) = preSolution
		HideSolutionNode = FALSE
	EndGlobalSection
	GlobalSection(ExtensibilityGlobals) = postSolution
		SolutionGuid = {B1F53B47-373E-4D1D-ACA5-CC7503617C54}
	EndGlobalSection
EndGlobal
